
Microsoft Visual Studio Solution File, Format Version 12.00
# Visual Studio Version 16
VisualStudioVersion = 16.0.32602.291
MinimumVisualStudioVersion = 10.0.40219.1
Project("{FAE04EC0-301F-11D3-BF4B-00C04F79EFBC}") = "EkranaVeriYazdirmaStringBirlestirme", "EkranaVeriYazdirmaStringBirlestirme\EkranaVeriYazdirmaStringBirlestirme.csproj", "{8385FA2F-FBFF-4E7B-BFA7-2D88BCE6C583}"
EndProject
Project("{FAE04EC0-301F-11D3-BF4B-00C04F79EFBC}") = "KlavyedenVeriGirişi", "KlavyedenVeriGirişi\KlavyedenVeriGirişi.csproj", "{4F68C474-D123-420F-A0CD-C2475DE62E2D}"
EndProject
Project("{FAE04EC0-301F-11D3-BF4B-00C04F79EFBC}") = "SabitConst", "SabitConst\SabitConst.csproj", "{ADA471C4-7F38-458C-B3FA-9B4BC551763E}"
EndProject
Project("{FAE04EC0-301F-11D3-BF4B-00C04F79EFBC}") = "IfElse", "IfElse\IfElse.csproj", "{91C8646E-7975-45FE-AB66-1405BEBA8FA5}"
EndProject
Project("{FAE04EC0-301F-11D3-BF4B-00C04F79EFBC}") = "ifElseOrnekler", "ifElseOrnekler\ifElseOrnekler.csproj", "{A5ED4E45-B79C-488D-841A-7C0E1E709113}"
EndProject
Project("{FAE04EC0-301F-11D3-BF4B-00C04F79EFBC}") = "ifElseBasamakYapisi", "ifElseBasamakYapisi\ifElseBasamakYapisi.csproj", "{34E3B1E3-8429-45B4-83D6-CFFF9D476482}"
EndProject
Project("{FAE04EC0-301F-11D3-BF4B-00C04F79EFBC}") = "vizeFinalifElse", "vizeFinalifElse\vizeFinalifElse.csproj", "{9522F37C-414E-4345-836D-141E46546DCE}"
EndProject
Project("{FAE04EC0-301F-11D3-BF4B-00C04F79EFBC}") = "VucutKitleEndeksi", "VucutKitleIndexi\VucutKitleEndeksi.csproj", "{09B24C5D-04FE-46B9-82F8-6FF4B493CB2A}"
EndProject
Project("{FAE04EC0-301F-11D3-BF4B-00C04F79EFBC}") = "SwitchCase", "SwitchCase\SwitchCase.csproj", "{D17E1025-C89E-4B92-AD89-BE9D07839C53}"
EndProject
Project("{FAE04EC0-301F-11D3-BF4B-00C04F79EFBC}") = "SwitchCaseOrnek", "SwitchCaseOrnek\SwitchCaseOrnek.csproj", "{95E471CD-F173-4F90-A1C0-E798DA5631DF}"
EndProject
Project("{FAE04EC0-301F-11D3-BF4B-00C04F79EFBC}") = "While", "While\While.csproj", "{E10F50BE-6EB1-44A8-80BF-964256FE0CAB}"
EndProject
Project("{FAE04EC0-301F-11D3-BF4B-00C04F79EFBC}") = "WhileOrnek", "WhileOrnek\WhileOrnek.csproj", "{635854E3-5DAB-4F57-A629-6F47B981DA71}"
EndProject
Project("{FAE04EC0-301F-11D3-BF4B-00C04F79EFBC}") = "doWhile", "doWhile\doWhile.csproj", "{34D34AAF-81A5-4AA5-9A53-25BBF68D21DE}"
EndProject
Project("{FAE04EC0-301F-11D3-BF4B-00C04F79EFBC}") = "doWhileOrnek", "doWhileOrnek\doWhileOrnek.csproj", "{CC856FDA-8C1E-4A49-9874-38AA7FA865E8}"
EndProject
Project("{FAE04EC0-301F-11D3-BF4B-00C04F79EFBC}") = "ForDongusu", "ForDongusu\ForDongusu.csproj", "{0B0874A9-BA66-4912-9A35-9AC6023BB270}"
EndProject
Project("{FAE04EC0-301F-11D3-BF4B-00C04F79EFBC}") = "ForOrnekler", "ForOrnekler\ForOrnekler.csproj", "{FA646D55-F220-45DD-918B-680926A8ED56}"
EndProject
Project("{2150E333-8FDC-42A3-9474-1A3956D46DE8}") = "AraKonu", "AraKonu", "{AEF46FDF-CB69-4F66-B545-6A18C8E6C740}"
EndProject
Project("{FAE04EC0-301F-11D3-BF4B-00C04F79EFBC}") = "ConsoleSetCursorPositionYontemi", "ConsoleSetCursorPositionYontemi\ConsoleSetCursorPositionYontemi.csproj", "{C32AC534-3DB8-4539-9621-C7242EE4D1E9}"
EndProject
Project("{FAE04EC0-301F-11D3-BF4B-00C04F79EFBC}") = "ForOrnek", "ForOrnek\ForOrnek.csproj", "{03303FD3-9FA6-4E66-822F-B91B37E0C35B}"
EndProject
Project("{FAE04EC0-301F-11D3-BF4B-00C04F79EFBC}") = "RandomRasgeleSayiUretme", "RandomRasgeleSayiUretme\RandomRasgeleSayiUretme.csproj", "{2BF333C6-83FE-4ECF-981A-07A5B41D237B}"
EndProject
Project("{FAE04EC0-301F-11D3-BF4B-00C04F79EFBC}") = "SayiTahminEtmeOyunu", "SayiTahminEtmeOyunu\SayiTahminEtmeOyunu.csproj", "{AA5A14BD-475D-4B31-899D-BB541AD64210}"
EndProject
Project("{FAE04EC0-301F-11D3-BF4B-00C04F79EFBC}") = "EtiketKullanimiDallanmaKomutlari", "EtiketKullanimiDallanmaKomutlari\EtiketKullanimiDallanmaKomutlari.csproj", "{61711DD0-B839-4494-B518-114AEC24EAA2}"
EndProject
Project("{2150E333-8FDC-42A3-9474-1A3956D46DE8}") = "DiziArrays", "DiziArrays", "{94DFEC00-F7C6-4320-8C68-E59640170961}"
EndProject
Project("{FAE04EC0-301F-11D3-BF4B-00C04F79EFBC}") = "DiziArraysKonuAnlatimi", "DiziArraysKonuAnlatimi\DiziArraysKonuAnlatimi.csproj", "{7C54DCC1-651E-4CB8-9A60-266F3D27DE41}"
EndProject
Project("{FAE04EC0-301F-11D3-BF4B-00C04F79EFBC}") = "DizilerOrnek", "DizilerOrnek\DizilerOrnek.csproj", "{12CFBA98-12BE-4519-A2F6-0BB2BF01F469}"
EndProject
Project("{2150E333-8FDC-42A3-9474-1A3956D46DE8}") = "TimerZamanlayici", "TimerZamanlayici", "{9D515E12-FD13-4369-BFCD-AD3B4F320E61}"
EndProject
Project("{FAE04EC0-301F-11D3-BF4B-00C04F79EFBC}") = "TimerUse", "TimerUse\TimerUse.csproj", "{D3376045-1F2B-4B3D-85B6-6E8CCE61DBDD}"
EndProject
Project("{FAE04EC0-301F-11D3-BF4B-00C04F79EFBC}") = "TimerOrnek", "TimerOrnek\TimerOrnek.csproj", "{0D2847FA-0DE2-4A5A-B222-1167BCBD7297}"
EndProject
Project("{2150E333-8FDC-42A3-9474-1A3956D46DE8}") = "Metotlar", "Metotlar", "{730587D6-5D42-4726-A45E-1A27D02B5464}"
EndProject
Project("{FAE04EC0-301F-11D3-BF4B-00C04F79EFBC}") = "Metotlar", "Metotlar\Metotlar.csproj", "{B93D539D-8BFC-4089-A4E5-54F641FA58C8}"
EndProject
Project("{FAE04EC0-301F-11D3-BF4B-00C04F79EFBC}") = "MetotlarOrnek", "MetotlarOrnek\MetotlarOrnek.csproj", "{7F2CD248-48A5-459C-BE46-C8CB2A78A319}"
EndProject
Project("{FAE04EC0-301F-11D3-BF4B-00C04F79EFBC}") = "MetotOrnek2", "MetotOrnek2\MetotOrnek2.csproj", "{639CE4BA-F0B0-4BD7-8D30-69C0007D7078}"
EndProject
Project("{FAE04EC0-301F-11D3-BF4B-00C04F79EFBC}") = "MetotDikdortgenOrnegi", "MetotDikdortgenOrnegi\MetotDikdortgenOrnegi.csproj", "{1F917B3D-3FA9-4756-ADA9-6B6DBA11DC95}"
EndProject
Project("{FAE04EC0-301F-11D3-BF4B-00C04F79EFBC}") = "MetotStaticKavramiOrnekleri", "MetotStaticKavramiOrnekleri\MetotStaticKavramiOrnekleri.csproj", "{8FFAE3AA-B4BD-4BC7-9CAC-572478A8EF73}"
EndProject
Project("{FAE04EC0-301F-11D3-BF4B-00C04F79EFBC}") = "MetotKlavyedenGirilenSayiOrnek", "MetotKlavyedenGirilenSayiOrnek\MetotKlavyedenGirilenSayiOrnek.csproj", "{C3BA3500-0F0B-4A12-B0AE-0FBC95CC5417}"
EndProject
Project("{2150E333-8FDC-42A3-9474-1A3956D46DE8}") = "StringMetotlar", "StringMetotlar", "{60B69C95-35DA-4264-A900-1D697729F6D3}"
EndProject
Project("{FAE04EC0-301F-11D3-BF4B-00C04F79EFBC}") = "HazırStringMetotlar", "HazırStringMetotlar\HazırStringMetotlar.csproj", "{C2FEAC34-E974-4DE7-8F92-8EB228E13324}"
EndProject
Project("{FAE04EC0-301F-11D3-BF4B-00C04F79EFBC}") = "KullaniciKaydiOrnek", "KullaniciKaydiOrnek\KullaniciKaydiOrnek.csproj", "{0D82DAE2-1CDF-46C6-87DF-FBABE5D8361E}"
EndProject
Project("{FAE04EC0-301F-11D3-BF4B-00C04F79EFBC}") = "StringConcat", "StringConcat\StringConcat.csproj", "{AC45AD07-12D5-4EC5-A094-785DD1DEEC24}"
EndProject
Project("{FAE04EC0-301F-11D3-BF4B-00C04F79EFBC}") = "IsNullOrEmptyMetodu", "StringFormatMetodu\IsNullOrEmptyMetodu.csproj", "{76E9AD49-8A4A-4AE8-A2B0-9EB16BEF3EB9}"
EndProject
Project("{FAE04EC0-301F-11D3-BF4B-00C04F79EFBC}") = "StringMetotlarlaCalismak", "StringMetotlarlaCalismak\StringMetotlarlaCalismak.csproj", "{3F039F15-6285-40BB-A8E1-FD407F45741C}"
EndProject
Project("{FAE04EC0-301F-11D3-BF4B-00C04F79EFBC}") = "ContainsMetodu", "ContainsMetodu\ContainsMetodu.csproj", "{F74790DA-2232-4854-8298-58F0935B358E}"
EndProject
Project("{FAE04EC0-301F-11D3-BF4B-00C04F79EFBC}") = "SplitMetodu", "SplitMetodu\SplitMetodu.csproj", "{78127BD5-17FE-4B32-9378-BD2D0155D3C1}"
EndProject
Project("{FAE04EC0-301F-11D3-BF4B-00C04F79EFBC}") = "StartsWithMetodu", "StartsWithMetodu\StartsWithMetodu.csproj", "{F7BC62C2-F160-4BCB-A777-642A8B62DFAA}"
EndProject
Project("{FAE04EC0-301F-11D3-BF4B-00C04F79EFBC}") = "ToUpperToLowerMetotlari", "ToUpperToLowerMetotlari\ToUpperToLowerMetotlari.csproj", "{D584AD4E-92CA-4C26-BDC9-C1DF8752EF92}"
EndProject
Project("{FAE04EC0-301F-11D3-BF4B-00C04F79EFBC}") = "TurkceKarakterleriIngilizceKarakterlereCevirme", "TurkceKarakterleriIngilizceKarakterlereCevirme\TurkceKarakterleriIngilizceKarakterlereCevirme.csproj", "{51021C29-3F29-4489-8A76-E8F7A186130D}"
EndProject
Project("{2150E333-8FDC-42A3-9474-1A3956D46DE8}") = "MathSinifi", "MathSinifi", "{32AE47C5-5698-4E99-9729-F039324C074A}"
EndProject
Project("{FAE04EC0-301F-11D3-BF4B-00C04F79EFBC}") = "MutlakDegerAbsMetodu", "MutlakDegerAbsMetodu\MutlakDegerAbsMetodu.csproj", "{C4A3904A-9DC2-4230-905D-C27FF9F250B3}"
EndProject
Project("{FAE04EC0-301F-11D3-BF4B-00C04F79EFBC}") = "MathSinifiMaxveMinMetotlari", "MathSinifiMaxveMinMetotlari\MathSinifiMaxveMinMetotlari.csproj", "{2F281449-85CC-4CEA-B413-7F4B6A7AB7F9}"
EndProject
Project("{FAE04EC0-301F-11D3-BF4B-00C04F79EFBC}") = "UsluSayiIfadeleriPowMetodu", "UsluSayiIfadeleriPowMetodu\UsluSayiIfadeleriPowMetodu.csproj", "{9E9A252F-BB4D-4E63-A072-7C08EED1D382}"
EndProject
Project("{FAE04EC0-301F-11D3-BF4B-00C04F79EFBC}") = "BolmeUygulamasiDivRemMetodu", "BolmeUygulamasiDivRemMetodu\BolmeUygulamasiDivRemMetodu.csproj", "{61EACEC1-4A72-4941-88C8-4B6605BF6874}"
EndProject
Project("{FAE04EC0-301F-11D3-BF4B-00C04F79EFBC}") = "MathSignMetodu", "MathSignMetodu\MathSignMetodu.csproj", "{FB214A6D-8D47-4D82-8D9D-0A7806F7C65A}"
EndProject
Project("{FAE04EC0-301F-11D3-BF4B-00C04F79EFBC}") = "KareKokAlma", "KareKokAlma\KareKokAlma.csproj", "{547D9D78-9AE6-4E9F-B47F-24D7960AAA65}"
EndProject
Project("{FAE04EC0-301F-11D3-BF4B-00C04F79EFBC}") = "KlavyedenTusOkuma", "KlavyedenTusOkuma\KlavyedenTusOkuma.csproj", "{8CA43D50-4310-450A-83D5-96CBA6ECA74A}"
EndProject
Project("{2150E333-8FDC-42A3-9474-1A3956D46DE8}") = "KlavyedenTusOkumaKeylogger", "KlavyedenTusOkumaKeylogger", "{5844D732-B5FB-4E69-8D57-1B8462E378FA}"
EndProject
Project("{FAE04EC0-301F-11D3-BF4B-00C04F79EFBC}") = "KlavyedenBasilanTusaGöreYönlendirme", "KlavyedenBasilanTusaGöreYönlendirme\KlavyedenBasilanTusaGöreYönlendirme.csproj", "{AE379766-0EB8-4850-84B0-ABE5710AB6C1}"
EndProject
Project("{FAE04EC0-301F-11D3-BF4B-00C04F79EFBC}") = "YardimciTuslarIleKontrol", "YardimciTuslarIleKontrol\YardimciTuslarIleKontrol.csproj", "{BC9C623C-497F-4E5B-904C-2668AD8AD777}"
EndProject
Project("{FAE04EC0-301F-11D3-BF4B-00C04F79EFBC}") = "MetotlarveKlavyedenTusAlgilamaOrnegi", "MetotlarveKlavyedenTusAlgilamaOrnegi\MetotlarveKlavyedenTusAlgilamaOrnegi.csproj", "{0CF99721-1B8D-4AE6-A41B-4E51FAF6733A}"
EndProject
Project("{2150E333-8FDC-42A3-9474-1A3956D46DE8}") = "KlasorIslenleri", "KlasorIslenleri", "{6FC1BF2A-8B07-4D02-9A79-71175AE82818}"
EndProject
Project("{FAE04EC0-301F-11D3-BF4B-00C04F79EFBC}") = "KlasorOlusturma", "KlasorOlusturma\KlasorOlusturma.csproj", "{ABC3A204-53DB-4A7B-BF8F-F8DF1B9F8086}"
EndProject
Project("{FAE04EC0-301F-11D3-BF4B-00C04F79EFBC}") = "IcIceKlasorOlusturmaIslemi", "IcIceKlasorOlusturmaIslemi\IcIceKlasorOlusturmaIslemi.csproj", "{5BDF13F1-1F40-4AE1-BFC5-32712C1D626E}"
EndProject
Project("{FAE04EC0-301F-11D3-BF4B-00C04F79EFBC}") = "KlasorIslemleriOrnek", "KlasorIslemleriOrnek\KlasorIslemleriOrnek.csproj", "{61A472D5-C3A3-41CB-AA8D-8202DDDDE202}"
EndProject
Project("{FAE04EC0-301F-11D3-BF4B-00C04F79EFBC}") = "KalsorSilmeIslemi", "KalsorSilmeIslemi\KalsorSilmeIslemi.csproj", "{D829A955-0953-4633-B7DB-F4B31B4E946C}"
EndProject
Project("{FAE04EC0-301F-11D3-BF4B-00C04F79EFBC}") = "KlasorKopyalamaIslemi", "KlasorKopyalamaIslemi\KlasorKopyalamaIslemi.csproj", "{57BED18E-B3D2-4410-8408-D43E22DE9F5E}"
EndProject
Project("{FAE04EC0-301F-11D3-BF4B-00C04F79EFBC}") = "KlasoruTumIcerigiyleTasima", "KlasoruTumIcerigiyleTasima\KlasoruTumIcerigiyleTasima.csproj", "{92427B46-DD85-49B5-A639-93FD60CF9606}"
EndProject
Project("{2150E333-8FDC-42A3-9474-1A3956D46DE8}") = "DosyaIslemleri", "DosyaIslemleri", "{CA5694DC-E598-4C27-9A64-F698D63F5345}"
EndProject
Project("{FAE04EC0-301F-11D3-BF4B-00C04F79EFBC}") = "DosyaOlusturmaIslemleri", "DosyaOlusturmaIslemleri\DosyaOlusturmaIslemleri.csproj", "{C74B1800-AB6B-4E49-BB2C-27D3313C93CD}"
EndProject
Project("{FAE04EC0-301F-11D3-BF4B-00C04F79EFBC}") = "DosyayaVeriYazmaIslemi", "DosyayaVeriYazmaIslemi\DosyayaVeriYazmaIslemi.csproj", "{B56F87E6-BB55-49FA-A533-4198B3BF5B8D}"
EndProject
Project("{FAE04EC0-301F-11D3-BF4B-00C04F79EFBC}") = "DosyadanVeriOkuma", "DosyadanVeriOkuma\DosyadanVeriOkuma.csproj", "{CFC43C4B-6FFE-4AD5-86A2-5FE2E865AA83}"
EndProject
Project("{FAE04EC0-301F-11D3-BF4B-00C04F79EFBC}") = "DosyadanVeriOkuyupSatirSatirDegiskeneAktarma", "DosyadanVeriOkuyupSatirSatirDegiskeneAktarma\DosyadanVeriOkuyupSatirSatirDegiskeneAktarma.csproj", "{E17543FA-0D5E-4E43-B4AB-2B0C3D07835D}"
EndProject
Project("{FAE04EC0-301F-11D3-BF4B-00C04F79EFBC}") = "DosyaSilmeIslemi", "DosyaSilmeIslemi\DosyaSilmeIslemi.csproj", "{0C4BFEDE-4EE4-46B9-A760-D9C4E1C546C4}"
EndProject
Project("{2150E333-8FDC-42A3-9474-1A3956D46DE8}") = "AKARYAKIT-PROJESİ", "AKARYAKIT-PROJESİ", "{8EDBE83E-BA49-4F41-9E3C-BB4FB23C540F}"
EndProject
Project("{FAE04EC0-301F-11D3-BF4B-00C04F79EFBC}") = "AkaryakitProjesi", "AkaryakitProjesi\AkaryakitProjesi.csproj", "{DF4D704E-93DF-4F98-9588-89AAB0FD914A}"
EndProject
Project("{FAE04EC0-301F-11D3-BF4B-00C04F79EFBC}") = "veritabani", "veritabani\veritabani.csproj", "{F9BB8C0C-8C3E-416D-9735-33CB4C09DBF7}"
EndProject
Project("{2150E333-8FDC-42A3-9474-1A3956D46DE8}") = "OOP", "OOP", "{28EE3945-CE06-4A74-BE4B-A32D2F8ED011}"
EndProject
Project("{2150E333-8FDC-42A3-9474-1A3956D46DE8}") = "Inheritance", "Inheritance", "{C8D8CDDE-B128-41BD-940D-9FBA9A79CD3A}"
EndProject
Project("{FAE04EC0-301F-11D3-BF4B-00C04F79EFBC}") = "InheritanceRestoranOrnegi", "InheritanceRestoranOrnegi\InheritanceRestoranOrnegi.csproj", "{A71CD636-C02F-43DF-9A68-60A6A2DB53B1}"
EndProject
Project("{2150E333-8FDC-42A3-9474-1A3956D46DE8}") = "ODAKGIS-INTERNSHIP", "ODAKGIS-INTERNSHIP", "{CD3E2793-D26C-4E28-978F-EE0E2E496D31}"
EndProject
Project("{FAE04EC0-301F-11D3-BF4B-00C04F79EFBC}") = "PASCAL-UCGENII", "PASCAL-UCGENII\PASCAL-UCGENII.csproj", "{7A655782-796F-42EC-820E-F72CEC0B778D}"
EndProject
Project("{FAE04EC0-301F-11D3-BF4B-00C04F79EFBC}") = "BASIT-HESAP-MAKINESI", "BASIT-HESAP-MAKINESI\BASIT-HESAP-MAKINESI.csproj", "{37D3C227-5C4C-4104-87FF-122AACC2F315}"
EndProject
Global
	GlobalSection(SolutionConfigurationPlatforms) = preSolution
		Debug|Any CPU = Debug|Any CPU
		Release|Any CPU = Release|Any CPU
	EndGlobalSection
	GlobalSection(ProjectConfigurationPlatforms) = postSolution
		{8385FA2F-FBFF-4E7B-BFA7-2D88BCE6C583}.Debug|Any CPU.ActiveCfg = Debug|Any CPU
		{8385FA2F-FBFF-4E7B-BFA7-2D88BCE6C583}.Debug|Any CPU.Build.0 = Debug|Any CPU
		{8385FA2F-FBFF-4E7B-BFA7-2D88BCE6C583}.Release|Any CPU.ActiveCfg = Release|Any CPU
		{8385FA2F-FBFF-4E7B-BFA7-2D88BCE6C583}.Release|Any CPU.Build.0 = Release|Any CPU
		{4F68C474-D123-420F-A0CD-C2475DE62E2D}.Debug|Any CPU.ActiveCfg = Debug|Any CPU
		{4F68C474-D123-420F-A0CD-C2475DE62E2D}.Debug|Any CPU.Build.0 = Debug|Any CPU
		{4F68C474-D123-420F-A0CD-C2475DE62E2D}.Release|Any CPU.ActiveCfg = Release|Any CPU
		{4F68C474-D123-420F-A0CD-C2475DE62E2D}.Release|Any CPU.Build.0 = Release|Any CPU
		{ADA471C4-7F38-458C-B3FA-9B4BC551763E}.Debug|Any CPU.ActiveCfg = Debug|Any CPU
		{ADA471C4-7F38-458C-B3FA-9B4BC551763E}.Debug|Any CPU.Build.0 = Debug|Any CPU
		{ADA471C4-7F38-458C-B3FA-9B4BC551763E}.Release|Any CPU.ActiveCfg = Release|Any CPU
		{ADA471C4-7F38-458C-B3FA-9B4BC551763E}.Release|Any CPU.Build.0 = Release|Any CPU
		{91C8646E-7975-45FE-AB66-1405BEBA8FA5}.Debug|Any CPU.ActiveCfg = Debug|Any CPU
		{91C8646E-7975-45FE-AB66-1405BEBA8FA5}.Debug|Any CPU.Build.0 = Debug|Any CPU
		{91C8646E-7975-45FE-AB66-1405BEBA8FA5}.Release|Any CPU.ActiveCfg = Release|Any CPU
		{91C8646E-7975-45FE-AB66-1405BEBA8FA5}.Release|Any CPU.Build.0 = Release|Any CPU
		{A5ED4E45-B79C-488D-841A-7C0E1E709113}.Debug|Any CPU.ActiveCfg = Debug|Any CPU
		{A5ED4E45-B79C-488D-841A-7C0E1E709113}.Debug|Any CPU.Build.0 = Debug|Any CPU
		{A5ED4E45-B79C-488D-841A-7C0E1E709113}.Release|Any CPU.ActiveCfg = Release|Any CPU
		{A5ED4E45-B79C-488D-841A-7C0E1E709113}.Release|Any CPU.Build.0 = Release|Any CPU
		{34E3B1E3-8429-45B4-83D6-CFFF9D476482}.Debug|Any CPU.ActiveCfg = Debug|Any CPU
		{34E3B1E3-8429-45B4-83D6-CFFF9D476482}.Debug|Any CPU.Build.0 = Debug|Any CPU
		{34E3B1E3-8429-45B4-83D6-CFFF9D476482}.Release|Any CPU.ActiveCfg = Release|Any CPU
		{34E3B1E3-8429-45B4-83D6-CFFF9D476482}.Release|Any CPU.Build.0 = Release|Any CPU
		{9522F37C-414E-4345-836D-141E46546DCE}.Debug|Any CPU.ActiveCfg = Debug|Any CPU
		{9522F37C-414E-4345-836D-141E46546DCE}.Debug|Any CPU.Build.0 = Debug|Any CPU
		{9522F37C-414E-4345-836D-141E46546DCE}.Release|Any CPU.ActiveCfg = Release|Any CPU
		{9522F37C-414E-4345-836D-141E46546DCE}.Release|Any CPU.Build.0 = Release|Any CPU
		{09B24C5D-04FE-46B9-82F8-6FF4B493CB2A}.Debug|Any CPU.ActiveCfg = Debug|Any CPU
		{09B24C5D-04FE-46B9-82F8-6FF4B493CB2A}.Debug|Any CPU.Build.0 = Debug|Any CPU
		{09B24C5D-04FE-46B9-82F8-6FF4B493CB2A}.Release|Any CPU.ActiveCfg = Release|Any CPU
		{09B24C5D-04FE-46B9-82F8-6FF4B493CB2A}.Release|Any CPU.Build.0 = Release|Any CPU
		{D17E1025-C89E-4B92-AD89-BE9D07839C53}.Debug|Any CPU.ActiveCfg = Debug|Any CPU
		{D17E1025-C89E-4B92-AD89-BE9D07839C53}.Debug|Any CPU.Build.0 = Debug|Any CPU
		{D17E1025-C89E-4B92-AD89-BE9D07839C53}.Release|Any CPU.ActiveCfg = Release|Any CPU
		{D17E1025-C89E-4B92-AD89-BE9D07839C53}.Release|Any CPU.Build.0 = Release|Any CPU
		{95E471CD-F173-4F90-A1C0-E798DA5631DF}.Debug|Any CPU.ActiveCfg = Debug|Any CPU
		{95E471CD-F173-4F90-A1C0-E798DA5631DF}.Debug|Any CPU.Build.0 = Debug|Any CPU
		{95E471CD-F173-4F90-A1C0-E798DA5631DF}.Release|Any CPU.ActiveCfg = Release|Any CPU
		{95E471CD-F173-4F90-A1C0-E798DA5631DF}.Release|Any CPU.Build.0 = Release|Any CPU
		{E10F50BE-6EB1-44A8-80BF-964256FE0CAB}.Debug|Any CPU.ActiveCfg = Debug|Any CPU
		{E10F50BE-6EB1-44A8-80BF-964256FE0CAB}.Debug|Any CPU.Build.0 = Debug|Any CPU
		{E10F50BE-6EB1-44A8-80BF-964256FE0CAB}.Release|Any CPU.ActiveCfg = Release|Any CPU
		{E10F50BE-6EB1-44A8-80BF-964256FE0CAB}.Release|Any CPU.Build.0 = Release|Any CPU
		{635854E3-5DAB-4F57-A629-6F47B981DA71}.Debug|Any CPU.ActiveCfg = Debug|Any CPU
		{635854E3-5DAB-4F57-A629-6F47B981DA71}.Debug|Any CPU.Build.0 = Debug|Any CPU
		{635854E3-5DAB-4F57-A629-6F47B981DA71}.Release|Any CPU.ActiveCfg = Release|Any CPU
		{635854E3-5DAB-4F57-A629-6F47B981DA71}.Release|Any CPU.Build.0 = Release|Any CPU
		{34D34AAF-81A5-4AA5-9A53-25BBF68D21DE}.Debug|Any CPU.ActiveCfg = Debug|Any CPU
		{34D34AAF-81A5-4AA5-9A53-25BBF68D21DE}.Debug|Any CPU.Build.0 = Debug|Any CPU
		{34D34AAF-81A5-4AA5-9A53-25BBF68D21DE}.Release|Any CPU.ActiveCfg = Release|Any CPU
		{34D34AAF-81A5-4AA5-9A53-25BBF68D21DE}.Release|Any CPU.Build.0 = Release|Any CPU
		{CC856FDA-8C1E-4A49-9874-38AA7FA865E8}.Debug|Any CPU.ActiveCfg = Debug|Any CPU
		{CC856FDA-8C1E-4A49-9874-38AA7FA865E8}.Debug|Any CPU.Build.0 = Debug|Any CPU
		{CC856FDA-8C1E-4A49-9874-38AA7FA865E8}.Release|Any CPU.ActiveCfg = Release|Any CPU
		{CC856FDA-8C1E-4A49-9874-38AA7FA865E8}.Release|Any CPU.Build.0 = Release|Any CPU
		{0B0874A9-BA66-4912-9A35-9AC6023BB270}.Debug|Any CPU.ActiveCfg = Debug|Any CPU
		{0B0874A9-BA66-4912-9A35-9AC6023BB270}.Debug|Any CPU.Build.0 = Debug|Any CPU
		{0B0874A9-BA66-4912-9A35-9AC6023BB270}.Release|Any CPU.ActiveCfg = Release|Any CPU
		{0B0874A9-BA66-4912-9A35-9AC6023BB270}.Release|Any CPU.Build.0 = Release|Any CPU
		{FA646D55-F220-45DD-918B-680926A8ED56}.Debug|Any CPU.ActiveCfg = Debug|Any CPU
		{FA646D55-F220-45DD-918B-680926A8ED56}.Debug|Any CPU.Build.0 = Debug|Any CPU
		{FA646D55-F220-45DD-918B-680926A8ED56}.Release|Any CPU.ActiveCfg = Release|Any CPU
		{FA646D55-F220-45DD-918B-680926A8ED56}.Release|Any CPU.Build.0 = Release|Any CPU
		{C32AC534-3DB8-4539-9621-C7242EE4D1E9}.Debug|Any CPU.ActiveCfg = Debug|Any CPU
		{C32AC534-3DB8-4539-9621-C7242EE4D1E9}.Debug|Any CPU.Build.0 = Debug|Any CPU
		{C32AC534-3DB8-4539-9621-C7242EE4D1E9}.Release|Any CPU.ActiveCfg = Release|Any CPU
		{C32AC534-3DB8-4539-9621-C7242EE4D1E9}.Release|Any CPU.Build.0 = Release|Any CPU
		{03303FD3-9FA6-4E66-822F-B91B37E0C35B}.Debug|Any CPU.ActiveCfg = Debug|Any CPU
		{03303FD3-9FA6-4E66-822F-B91B37E0C35B}.Debug|Any CPU.Build.0 = Debug|Any CPU
		{03303FD3-9FA6-4E66-822F-B91B37E0C35B}.Release|Any CPU.ActiveCfg = Release|Any CPU
		{03303FD3-9FA6-4E66-822F-B91B37E0C35B}.Release|Any CPU.Build.0 = Release|Any CPU
		{2BF333C6-83FE-4ECF-981A-07A5B41D237B}.Debug|Any CPU.ActiveCfg = Debug|Any CPU
		{2BF333C6-83FE-4ECF-981A-07A5B41D237B}.Debug|Any CPU.Build.0 = Debug|Any CPU
		{2BF333C6-83FE-4ECF-981A-07A5B41D237B}.Release|Any CPU.ActiveCfg = Release|Any CPU
		{2BF333C6-83FE-4ECF-981A-07A5B41D237B}.Release|Any CPU.Build.0 = Release|Any CPU
		{AA5A14BD-475D-4B31-899D-BB541AD64210}.Debug|Any CPU.ActiveCfg = Debug|Any CPU
		{AA5A14BD-475D-4B31-899D-BB541AD64210}.Debug|Any CPU.Build.0 = Debug|Any CPU
		{AA5A14BD-475D-4B31-899D-BB541AD64210}.Release|Any CPU.ActiveCfg = Release|Any CPU
		{AA5A14BD-475D-4B31-899D-BB541AD64210}.Release|Any CPU.Build.0 = Release|Any CPU
		{61711DD0-B839-4494-B518-114AEC24EAA2}.Debug|Any CPU.ActiveCfg = Debug|Any CPU
		{61711DD0-B839-4494-B518-114AEC24EAA2}.Debug|Any CPU.Build.0 = Debug|Any CPU
		{61711DD0-B839-4494-B518-114AEC24EAA2}.Release|Any CPU.ActiveCfg = Release|Any CPU
		{61711DD0-B839-4494-B518-114AEC24EAA2}.Release|Any CPU.Build.0 = Release|Any CPU
		{7C54DCC1-651E-4CB8-9A60-266F3D27DE41}.Debug|Any CPU.ActiveCfg = Debug|Any CPU
		{7C54DCC1-651E-4CB8-9A60-266F3D27DE41}.Debug|Any CPU.Build.0 = Debug|Any CPU
		{7C54DCC1-651E-4CB8-9A60-266F3D27DE41}.Release|Any CPU.ActiveCfg = Release|Any CPU
		{7C54DCC1-651E-4CB8-9A60-266F3D27DE41}.Release|Any CPU.Build.0 = Release|Any CPU
		{12CFBA98-12BE-4519-A2F6-0BB2BF01F469}.Debug|Any CPU.ActiveCfg = Debug|Any CPU
		{12CFBA98-12BE-4519-A2F6-0BB2BF01F469}.Debug|Any CPU.Build.0 = Debug|Any CPU
		{12CFBA98-12BE-4519-A2F6-0BB2BF01F469}.Release|Any CPU.ActiveCfg = Release|Any CPU
		{12CFBA98-12BE-4519-A2F6-0BB2BF01F469}.Release|Any CPU.Build.0 = Release|Any CPU
		{D3376045-1F2B-4B3D-85B6-6E8CCE61DBDD}.Debug|Any CPU.ActiveCfg = Debug|Any CPU
		{D3376045-1F2B-4B3D-85B6-6E8CCE61DBDD}.Debug|Any CPU.Build.0 = Debug|Any CPU
		{D3376045-1F2B-4B3D-85B6-6E8CCE61DBDD}.Release|Any CPU.ActiveCfg = Release|Any CPU
		{D3376045-1F2B-4B3D-85B6-6E8CCE61DBDD}.Release|Any CPU.Build.0 = Release|Any CPU
		{0D2847FA-0DE2-4A5A-B222-1167BCBD7297}.Debug|Any CPU.ActiveCfg = Debug|Any CPU
		{0D2847FA-0DE2-4A5A-B222-1167BCBD7297}.Debug|Any CPU.Build.0 = Debug|Any CPU
		{0D2847FA-0DE2-4A5A-B222-1167BCBD7297}.Release|Any CPU.ActiveCfg = Release|Any CPU
		{0D2847FA-0DE2-4A5A-B222-1167BCBD7297}.Release|Any CPU.Build.0 = Release|Any CPU
		{B93D539D-8BFC-4089-A4E5-54F641FA58C8}.Debug|Any CPU.ActiveCfg = Debug|Any CPU
		{B93D539D-8BFC-4089-A4E5-54F641FA58C8}.Debug|Any CPU.Build.0 = Debug|Any CPU
		{B93D539D-8BFC-4089-A4E5-54F641FA58C8}.Release|Any CPU.ActiveCfg = Release|Any CPU
		{B93D539D-8BFC-4089-A4E5-54F641FA58C8}.Release|Any CPU.Build.0 = Release|Any CPU
		{7F2CD248-48A5-459C-BE46-C8CB2A78A319}.Debug|Any CPU.ActiveCfg = Debug|Any CPU
		{7F2CD248-48A5-459C-BE46-C8CB2A78A319}.Debug|Any CPU.Build.0 = Debug|Any CPU
		{7F2CD248-48A5-459C-BE46-C8CB2A78A319}.Release|Any CPU.ActiveCfg = Release|Any CPU
		{7F2CD248-48A5-459C-BE46-C8CB2A78A319}.Release|Any CPU.Build.0 = Release|Any CPU
		{639CE4BA-F0B0-4BD7-8D30-69C0007D7078}.Debug|Any CPU.ActiveCfg = Debug|Any CPU
		{639CE4BA-F0B0-4BD7-8D30-69C0007D7078}.Debug|Any CPU.Build.0 = Debug|Any CPU
		{639CE4BA-F0B0-4BD7-8D30-69C0007D7078}.Release|Any CPU.ActiveCfg = Release|Any CPU
		{639CE4BA-F0B0-4BD7-8D30-69C0007D7078}.Release|Any CPU.Build.0 = Release|Any CPU
		{1F917B3D-3FA9-4756-ADA9-6B6DBA11DC95}.Debug|Any CPU.ActiveCfg = Debug|Any CPU
		{1F917B3D-3FA9-4756-ADA9-6B6DBA11DC95}.Debug|Any CPU.Build.0 = Debug|Any CPU
		{1F917B3D-3FA9-4756-ADA9-6B6DBA11DC95}.Release|Any CPU.ActiveCfg = Release|Any CPU
		{1F917B3D-3FA9-4756-ADA9-6B6DBA11DC95}.Release|Any CPU.Build.0 = Release|Any CPU
		{8FFAE3AA-B4BD-4BC7-9CAC-572478A8EF73}.Debug|Any CPU.ActiveCfg = Debug|Any CPU
		{8FFAE3AA-B4BD-4BC7-9CAC-572478A8EF73}.Debug|Any CPU.Build.0 = Debug|Any CPU
		{8FFAE3AA-B4BD-4BC7-9CAC-572478A8EF73}.Release|Any CPU.ActiveCfg = Release|Any CPU
		{8FFAE3AA-B4BD-4BC7-9CAC-572478A8EF73}.Release|Any CPU.Build.0 = Release|Any CPU
		{C3BA3500-0F0B-4A12-B0AE-0FBC95CC5417}.Debug|Any CPU.ActiveCfg = Debug|Any CPU
		{C3BA3500-0F0B-4A12-B0AE-0FBC95CC5417}.Debug|Any CPU.Build.0 = Debug|Any CPU
		{C3BA3500-0F0B-4A12-B0AE-0FBC95CC5417}.Release|Any CPU.ActiveCfg = Release|Any CPU
		{C3BA3500-0F0B-4A12-B0AE-0FBC95CC5417}.Release|Any CPU.Build.0 = Release|Any CPU
		{C2FEAC34-E974-4DE7-8F92-8EB228E13324}.Debug|Any CPU.ActiveCfg = Debug|Any CPU
		{C2FEAC34-E974-4DE7-8F92-8EB228E13324}.Debug|Any CPU.Build.0 = Debug|Any CPU
		{C2FEAC34-E974-4DE7-8F92-8EB228E13324}.Release|Any CPU.ActiveCfg = Release|Any CPU
		{C2FEAC34-E974-4DE7-8F92-8EB228E13324}.Release|Any CPU.Build.0 = Release|Any CPU
		{0D82DAE2-1CDF-46C6-87DF-FBABE5D8361E}.Debug|Any CPU.ActiveCfg = Debug|Any CPU
		{0D82DAE2-1CDF-46C6-87DF-FBABE5D8361E}.Debug|Any CPU.Build.0 = Debug|Any CPU
		{0D82DAE2-1CDF-46C6-87DF-FBABE5D8361E}.Release|Any CPU.ActiveCfg = Release|Any CPU
		{0D82DAE2-1CDF-46C6-87DF-FBABE5D8361E}.Release|Any CPU.Build.0 = Release|Any CPU
		{AC45AD07-12D5-4EC5-A094-785DD1DEEC24}.Debug|Any CPU.ActiveCfg = Debug|Any CPU
		{AC45AD07-12D5-4EC5-A094-785DD1DEEC24}.Debug|Any CPU.Build.0 = Debug|Any CPU
		{AC45AD07-12D5-4EC5-A094-785DD1DEEC24}.Release|Any CPU.ActiveCfg = Release|Any CPU
		{AC45AD07-12D5-4EC5-A094-785DD1DEEC24}.Release|Any CPU.Build.0 = Release|Any CPU
		{76E9AD49-8A4A-4AE8-A2B0-9EB16BEF3EB9}.Debug|Any CPU.ActiveCfg = Debug|Any CPU
		{76E9AD49-8A4A-4AE8-A2B0-9EB16BEF3EB9}.Debug|Any CPU.Build.0 = Debug|Any CPU
		{76E9AD49-8A4A-4AE8-A2B0-9EB16BEF3EB9}.Release|Any CPU.ActiveCfg = Release|Any CPU
		{76E9AD49-8A4A-4AE8-A2B0-9EB16BEF3EB9}.Release|Any CPU.Build.0 = Release|Any CPU
		{3F039F15-6285-40BB-A8E1-FD407F45741C}.Debug|Any CPU.ActiveCfg = Debug|Any CPU
		{3F039F15-6285-40BB-A8E1-FD407F45741C}.Debug|Any CPU.Build.0 = Debug|Any CPU
		{3F039F15-6285-40BB-A8E1-FD407F45741C}.Release|Any CPU.ActiveCfg = Release|Any CPU
		{3F039F15-6285-40BB-A8E1-FD407F45741C}.Release|Any CPU.Build.0 = Release|Any CPU
		{F74790DA-2232-4854-8298-58F0935B358E}.Debug|Any CPU.ActiveCfg = Debug|Any CPU
		{F74790DA-2232-4854-8298-58F0935B358E}.Debug|Any CPU.Build.0 = Debug|Any CPU
		{F74790DA-2232-4854-8298-58F0935B358E}.Release|Any CPU.ActiveCfg = Release|Any CPU
		{F74790DA-2232-4854-8298-58F0935B358E}.Release|Any CPU.Build.0 = Release|Any CPU
		{78127BD5-17FE-4B32-9378-BD2D0155D3C1}.Debug|Any CPU.ActiveCfg = Debug|Any CPU
		{78127BD5-17FE-4B32-9378-BD2D0155D3C1}.Debug|Any CPU.Build.0 = Debug|Any CPU
		{78127BD5-17FE-4B32-9378-BD2D0155D3C1}.Release|Any CPU.ActiveCfg = Release|Any CPU
		{78127BD5-17FE-4B32-9378-BD2D0155D3C1}.Release|Any CPU.Build.0 = Release|Any CPU
		{F7BC62C2-F160-4BCB-A777-642A8B62DFAA}.Debug|Any CPU.ActiveCfg = Debug|Any CPU
		{F7BC62C2-F160-4BCB-A777-642A8B62DFAA}.Debug|Any CPU.Build.0 = Debug|Any CPU
		{F7BC62C2-F160-4BCB-A777-642A8B62DFAA}.Release|Any CPU.ActiveCfg = Release|Any CPU
		{F7BC62C2-F160-4BCB-A777-642A8B62DFAA}.Release|Any CPU.Build.0 = Release|Any CPU
		{D584AD4E-92CA-4C26-BDC9-C1DF8752EF92}.Debug|Any CPU.ActiveCfg = Debug|Any CPU
		{D584AD4E-92CA-4C26-BDC9-C1DF8752EF92}.Debug|Any CPU.Build.0 = Debug|Any CPU
		{D584AD4E-92CA-4C26-BDC9-C1DF8752EF92}.Release|Any CPU.ActiveCfg = Release|Any CPU
		{D584AD4E-92CA-4C26-BDC9-C1DF8752EF92}.Release|Any CPU.Build.0 = Release|Any CPU
		{51021C29-3F29-4489-8A76-E8F7A186130D}.Debug|Any CPU.ActiveCfg = Debug|Any CPU
		{51021C29-3F29-4489-8A76-E8F7A186130D}.Debug|Any CPU.Build.0 = Debug|Any CPU
		{51021C29-3F29-4489-8A76-E8F7A186130D}.Release|Any CPU.ActiveCfg = Release|Any CPU
		{51021C29-3F29-4489-8A76-E8F7A186130D}.Release|Any CPU.Build.0 = Release|Any CPU
		{C4A3904A-9DC2-4230-905D-C27FF9F250B3}.Debug|Any CPU.ActiveCfg = Debug|Any CPU
		{C4A3904A-9DC2-4230-905D-C27FF9F250B3}.Debug|Any CPU.Build.0 = Debug|Any CPU
		{C4A3904A-9DC2-4230-905D-C27FF9F250B3}.Release|Any CPU.ActiveCfg = Release|Any CPU
		{C4A3904A-9DC2-4230-905D-C27FF9F250B3}.Release|Any CPU.Build.0 = Release|Any CPU
		{2F281449-85CC-4CEA-B413-7F4B6A7AB7F9}.Debug|Any CPU.ActiveCfg = Debug|Any CPU
		{2F281449-85CC-4CEA-B413-7F4B6A7AB7F9}.Debug|Any CPU.Build.0 = Debug|Any CPU
		{2F281449-85CC-4CEA-B413-7F4B6A7AB7F9}.Release|Any CPU.ActiveCfg = Release|Any CPU
		{2F281449-85CC-4CEA-B413-7F4B6A7AB7F9}.Release|Any CPU.Build.0 = Release|Any CPU
		{9E9A252F-BB4D-4E63-A072-7C08EED1D382}.Debug|Any CPU.ActiveCfg = Debug|Any CPU
		{9E9A252F-BB4D-4E63-A072-7C08EED1D382}.Debug|Any CPU.Build.0 = Debug|Any CPU
		{9E9A252F-BB4D-4E63-A072-7C08EED1D382}.Release|Any CPU.ActiveCfg = Release|Any CPU
		{9E9A252F-BB4D-4E63-A072-7C08EED1D382}.Release|Any CPU.Build.0 = Release|Any CPU
		{61EACEC1-4A72-4941-88C8-4B6605BF6874}.Debug|Any CPU.ActiveCfg = Debug|Any CPU
		{61EACEC1-4A72-4941-88C8-4B6605BF6874}.Debug|Any CPU.Build.0 = Debug|Any CPU
		{61EACEC1-4A72-4941-88C8-4B6605BF6874}.Release|Any CPU.ActiveCfg = Release|Any CPU
		{61EACEC1-4A72-4941-88C8-4B6605BF6874}.Release|Any CPU.Build.0 = Release|Any CPU
		{FB214A6D-8D47-4D82-8D9D-0A7806F7C65A}.Debug|Any CPU.ActiveCfg = Debug|Any CPU
		{FB214A6D-8D47-4D82-8D9D-0A7806F7C65A}.Debug|Any CPU.Build.0 = Debug|Any CPU
		{FB214A6D-8D47-4D82-8D9D-0A7806F7C65A}.Release|Any CPU.ActiveCfg = Release|Any CPU
		{FB214A6D-8D47-4D82-8D9D-0A7806F7C65A}.Release|Any CPU.Build.0 = Release|Any CPU
		{547D9D78-9AE6-4E9F-B47F-24D7960AAA65}.Debug|Any CPU.ActiveCfg = Debug|Any CPU
		{547D9D78-9AE6-4E9F-B47F-24D7960AAA65}.Debug|Any CPU.Build.0 = Debug|Any CPU
		{547D9D78-9AE6-4E9F-B47F-24D7960AAA65}.Release|Any CPU.ActiveCfg = Release|Any CPU
		{547D9D78-9AE6-4E9F-B47F-24D7960AAA65}.Release|Any CPU.Build.0 = Release|Any CPU
		{8CA43D50-4310-450A-83D5-96CBA6ECA74A}.Debug|Any CPU.ActiveCfg = Debug|Any CPU
		{8CA43D50-4310-450A-83D5-96CBA6ECA74A}.Debug|Any CPU.Build.0 = Debug|Any CPU
		{8CA43D50-4310-450A-83D5-96CBA6ECA74A}.Release|Any CPU.ActiveCfg = Release|Any CPU
		{8CA43D50-4310-450A-83D5-96CBA6ECA74A}.Release|Any CPU.Build.0 = Release|Any CPU
		{AE379766-0EB8-4850-84B0-ABE5710AB6C1}.Debug|Any CPU.ActiveCfg = Debug|Any CPU
		{AE379766-0EB8-4850-84B0-ABE5710AB6C1}.Debug|Any CPU.Build.0 = Debug|Any CPU
		{AE379766-0EB8-4850-84B0-ABE5710AB6C1}.Release|Any CPU.ActiveCfg = Release|Any CPU
		{AE379766-0EB8-4850-84B0-ABE5710AB6C1}.Release|Any CPU.Build.0 = Release|Any CPU
		{BC9C623C-497F-4E5B-904C-2668AD8AD777}.Debug|Any CPU.ActiveCfg = Debug|Any CPU
		{BC9C623C-497F-4E5B-904C-2668AD8AD777}.Debug|Any CPU.Build.0 = Debug|Any CPU
		{BC9C623C-497F-4E5B-904C-2668AD8AD777}.Release|Any CPU.ActiveCfg = Release|Any CPU
		{BC9C623C-497F-4E5B-904C-2668AD8AD777}.Release|Any CPU.Build.0 = Release|Any CPU
		{0CF99721-1B8D-4AE6-A41B-4E51FAF6733A}.Debug|Any CPU.ActiveCfg = Debug|Any CPU
		{0CF99721-1B8D-4AE6-A41B-4E51FAF6733A}.Debug|Any CPU.Build.0 = Debug|Any CPU
		{0CF99721-1B8D-4AE6-A41B-4E51FAF6733A}.Release|Any CPU.ActiveCfg = Release|Any CPU
		{0CF99721-1B8D-4AE6-A41B-4E51FAF6733A}.Release|Any CPU.Build.0 = Release|Any CPU
		{ABC3A204-53DB-4A7B-BF8F-F8DF1B9F8086}.Debug|Any CPU.ActiveCfg = Debug|Any CPU
		{ABC3A204-53DB-4A7B-BF8F-F8DF1B9F8086}.Debug|Any CPU.Build.0 = Debug|Any CPU
		{ABC3A204-53DB-4A7B-BF8F-F8DF1B9F8086}.Release|Any CPU.ActiveCfg = Release|Any CPU
		{ABC3A204-53DB-4A7B-BF8F-F8DF1B9F8086}.Release|Any CPU.Build.0 = Release|Any CPU
		{5BDF13F1-1F40-4AE1-BFC5-32712C1D626E}.Debug|Any CPU.ActiveCfg = Debug|Any CPU
		{5BDF13F1-1F40-4AE1-BFC5-32712C1D626E}.Debug|Any CPU.Build.0 = Debug|Any CPU
		{5BDF13F1-1F40-4AE1-BFC5-32712C1D626E}.Release|Any CPU.ActiveCfg = Release|Any CPU
		{5BDF13F1-1F40-4AE1-BFC5-32712C1D626E}.Release|Any CPU.Build.0 = Release|Any CPU
		{61A472D5-C3A3-41CB-AA8D-8202DDDDE202}.Debug|Any CPU.ActiveCfg = Debug|Any CPU
		{61A472D5-C3A3-41CB-AA8D-8202DDDDE202}.Debug|Any CPU.Build.0 = Debug|Any CPU
		{61A472D5-C3A3-41CB-AA8D-8202DDDDE202}.Release|Any CPU.ActiveCfg = Release|Any CPU
		{61A472D5-C3A3-41CB-AA8D-8202DDDDE202}.Release|Any CPU.Build.0 = Release|Any CPU
		{D829A955-0953-4633-B7DB-F4B31B4E946C}.Debug|Any CPU.ActiveCfg = Debug|Any CPU
		{D829A955-0953-4633-B7DB-F4B31B4E946C}.Debug|Any CPU.Build.0 = Debug|Any CPU
		{D829A955-0953-4633-B7DB-F4B31B4E946C}.Release|Any CPU.ActiveCfg = Release|Any CPU
		{D829A955-0953-4633-B7DB-F4B31B4E946C}.Release|Any CPU.Build.0 = Release|Any CPU
		{57BED18E-B3D2-4410-8408-D43E22DE9F5E}.Debug|Any CPU.ActiveCfg = Debug|Any CPU
		{57BED18E-B3D2-4410-8408-D43E22DE9F5E}.Debug|Any CPU.Build.0 = Debug|Any CPU
		{57BED18E-B3D2-4410-8408-D43E22DE9F5E}.Release|Any CPU.ActiveCfg = Release|Any CPU
		{57BED18E-B3D2-4410-8408-D43E22DE9F5E}.Release|Any CPU.Build.0 = Release|Any CPU
		{92427B46-DD85-49B5-A639-93FD60CF9606}.Debug|Any CPU.ActiveCfg = Debug|Any CPU
		{92427B46-DD85-49B5-A639-93FD60CF9606}.Debug|Any CPU.Build.0 = Debug|Any CPU
		{92427B46-DD85-49B5-A639-93FD60CF9606}.Release|Any CPU.ActiveCfg = Release|Any CPU
		{92427B46-DD85-49B5-A639-93FD60CF9606}.Release|Any CPU.Build.0 = Release|Any CPU
		{C74B1800-AB6B-4E49-BB2C-27D3313C93CD}.Debug|Any CPU.ActiveCfg = Debug|Any CPU
		{C74B1800-AB6B-4E49-BB2C-27D3313C93CD}.Debug|Any CPU.Build.0 = Debug|Any CPU
		{C74B1800-AB6B-4E49-BB2C-27D3313C93CD}.Release|Any CPU.ActiveCfg = Release|Any CPU
		{C74B1800-AB6B-4E49-BB2C-27D3313C93CD}.Release|Any CPU.Build.0 = Release|Any CPU
		{B56F87E6-BB55-49FA-A533-4198B3BF5B8D}.Debug|Any CPU.ActiveCfg = Debug|Any CPU
		{B56F87E6-BB55-49FA-A533-4198B3BF5B8D}.Debug|Any CPU.Build.0 = Debug|Any CPU
		{B56F87E6-BB55-49FA-A533-4198B3BF5B8D}.Release|Any CPU.ActiveCfg = Release|Any CPU
		{B56F87E6-BB55-49FA-A533-4198B3BF5B8D}.Release|Any CPU.Build.0 = Release|Any CPU
		{CFC43C4B-6FFE-4AD5-86A2-5FE2E865AA83}.Debug|Any CPU.ActiveCfg = Debug|Any CPU
		{CFC43C4B-6FFE-4AD5-86A2-5FE2E865AA83}.Debug|Any CPU.Build.0 = Debug|Any CPU
		{CFC43C4B-6FFE-4AD5-86A2-5FE2E865AA83}.Release|Any CPU.ActiveCfg = Release|Any CPU
		{CFC43C4B-6FFE-4AD5-86A2-5FE2E865AA83}.Release|Any CPU.Build.0 = Release|Any CPU
		{E17543FA-0D5E-4E43-B4AB-2B0C3D07835D}.Debug|Any CPU.ActiveCfg = Debug|Any CPU
		{E17543FA-0D5E-4E43-B4AB-2B0C3D07835D}.Debug|Any CPU.Build.0 = Debug|Any CPU
		{E17543FA-0D5E-4E43-B4AB-2B0C3D07835D}.Release|Any CPU.ActiveCfg = Release|Any CPU
		{E17543FA-0D5E-4E43-B4AB-2B0C3D07835D}.Release|Any CPU.Build.0 = Release|Any CPU
		{0C4BFEDE-4EE4-46B9-A760-D9C4E1C546C4}.Debug|Any CPU.ActiveCfg = Debug|Any CPU
		{0C4BFEDE-4EE4-46B9-A760-D9C4E1C546C4}.Debug|Any CPU.Build.0 = Debug|Any CPU
		{0C4BFEDE-4EE4-46B9-A760-D9C4E1C546C4}.Release|Any CPU.ActiveCfg = Release|Any CPU
		{0C4BFEDE-4EE4-46B9-A760-D9C4E1C546C4}.Release|Any CPU.Build.0 = Release|Any CPU
		{DF4D704E-93DF-4F98-9588-89AAB0FD914A}.Debug|Any CPU.ActiveCfg = Debug|Any CPU
		{DF4D704E-93DF-4F98-9588-89AAB0FD914A}.Debug|Any CPU.Build.0 = Debug|Any CPU
		{DF4D704E-93DF-4F98-9588-89AAB0FD914A}.Release|Any CPU.ActiveCfg = Release|Any CPU
		{DF4D704E-93DF-4F98-9588-89AAB0FD914A}.Release|Any CPU.Build.0 = Release|Any CPU
		{F9BB8C0C-8C3E-416D-9735-33CB4C09DBF7}.Debug|Any CPU.ActiveCfg = Debug|Any CPU
		{F9BB8C0C-8C3E-416D-9735-33CB4C09DBF7}.Debug|Any CPU.Build.0 = Debug|Any CPU
		{F9BB8C0C-8C3E-416D-9735-33CB4C09DBF7}.Release|Any CPU.ActiveCfg = Release|Any CPU
		{F9BB8C0C-8C3E-416D-9735-33CB4C09DBF7}.Release|Any CPU.Build.0 = Release|Any CPU
		{A71CD636-C02F-43DF-9A68-60A6A2DB53B1}.Debug|Any CPU.ActiveCfg = Debug|Any CPU
		{A71CD636-C02F-43DF-9A68-60A6A2DB53B1}.Debug|Any CPU.Build.0 = Debug|Any CPU
		{A71CD636-C02F-43DF-9A68-60A6A2DB53B1}.Release|Any CPU.ActiveCfg = Release|Any CPU
		{A71CD636-C02F-43DF-9A68-60A6A2DB53B1}.Release|Any CPU.Build.0 = Release|Any CPU
		{7A655782-796F-42EC-820E-F72CEC0B778D}.Debug|Any CPU.ActiveCfg = Debug|Any CPU
		{7A655782-796F-42EC-820E-F72CEC0B778D}.Debug|Any CPU.Build.0 = Debug|Any CPU
		{7A655782-796F-42EC-820E-F72CEC0B778D}.Release|Any CPU.ActiveCfg = Release|Any CPU
		{7A655782-796F-42EC-820E-F72CEC0B778D}.Release|Any CPU.Build.0 = Release|Any CPU
		{37D3C227-5C4C-4104-87FF-122AACC2F315}.Debug|Any CPU.ActiveCfg = Debug|Any CPU
		{37D3C227-5C4C-4104-87FF-122AACC2F315}.Debug|Any CPU.Build.0 = Debug|Any CPU
		{37D3C227-5C4C-4104-87FF-122AACC2F315}.Release|Any CPU.ActiveCfg = Release|Any CPU
		{37D3C227-5C4C-4104-87FF-122AACC2F315}.Release|Any CPU.Build.0 = Release|Any CPU
	EndGlobalSection
	GlobalSection(SolutionProperties) = preSolution
		HideSolutionNode = FALSE
	EndGlobalSection
	GlobalSection(NestedProjects) = preSolution
		{C32AC534-3DB8-4539-9621-C7242EE4D1E9} = {AEF46FDF-CB69-4F66-B545-6A18C8E6C740}
		{7C54DCC1-651E-4CB8-9A60-266F3D27DE41} = {94DFEC00-F7C6-4320-8C68-E59640170961}
		{12CFBA98-12BE-4519-A2F6-0BB2BF01F469} = {94DFEC00-F7C6-4320-8C68-E59640170961}
		{D3376045-1F2B-4B3D-85B6-6E8CCE61DBDD} = {9D515E12-FD13-4369-BFCD-AD3B4F320E61}
		{0D2847FA-0DE2-4A5A-B222-1167BCBD7297} = {9D515E12-FD13-4369-BFCD-AD3B4F320E61}
		{B93D539D-8BFC-4089-A4E5-54F641FA58C8} = {730587D6-5D42-4726-A45E-1A27D02B5464}
		{7F2CD248-48A5-459C-BE46-C8CB2A78A319} = {730587D6-5D42-4726-A45E-1A27D02B5464}
		{639CE4BA-F0B0-4BD7-8D30-69C0007D7078} = {730587D6-5D42-4726-A45E-1A27D02B5464}
		{1F917B3D-3FA9-4756-ADA9-6B6DBA11DC95} = {730587D6-5D42-4726-A45E-1A27D02B5464}
		{8FFAE3AA-B4BD-4BC7-9CAC-572478A8EF73} = {730587D6-5D42-4726-A45E-1A27D02B5464}
		{C3BA3500-0F0B-4A12-B0AE-0FBC95CC5417} = {730587D6-5D42-4726-A45E-1A27D02B5464}
		{C2FEAC34-E974-4DE7-8F92-8EB228E13324} = {60B69C95-35DA-4264-A900-1D697729F6D3}
		{0D82DAE2-1CDF-46C6-87DF-FBABE5D8361E} = {60B69C95-35DA-4264-A900-1D697729F6D3}
		{AC45AD07-12D5-4EC5-A094-785DD1DEEC24} = {60B69C95-35DA-4264-A900-1D697729F6D3}
		{76E9AD49-8A4A-4AE8-A2B0-9EB16BEF3EB9} = {60B69C95-35DA-4264-A900-1D697729F6D3}
		{3F039F15-6285-40BB-A8E1-FD407F45741C} = {60B69C95-35DA-4264-A900-1D697729F6D3}
		{F74790DA-2232-4854-8298-58F0935B358E} = {60B69C95-35DA-4264-A900-1D697729F6D3}
		{78127BD5-17FE-4B32-9378-BD2D0155D3C1} = {60B69C95-35DA-4264-A900-1D697729F6D3}
		{F7BC62C2-F160-4BCB-A777-642A8B62DFAA} = {60B69C95-35DA-4264-A900-1D697729F6D3}
		{D584AD4E-92CA-4C26-BDC9-C1DF8752EF92} = {60B69C95-35DA-4264-A900-1D697729F6D3}
		{51021C29-3F29-4489-8A76-E8F7A186130D} = {60B69C95-35DA-4264-A900-1D697729F6D3}
		{C4A3904A-9DC2-4230-905D-C27FF9F250B3} = {32AE47C5-5698-4E99-9729-F039324C074A}
		{2F281449-85CC-4CEA-B413-7F4B6A7AB7F9} = {32AE47C5-5698-4E99-9729-F039324C074A}
		{9E9A252F-BB4D-4E63-A072-7C08EED1D382} = {32AE47C5-5698-4E99-9729-F039324C074A}
		{61EACEC1-4A72-4941-88C8-4B6605BF6874} = {32AE47C5-5698-4E99-9729-F039324C074A}
		{FB214A6D-8D47-4D82-8D9D-0A7806F7C65A} = {32AE47C5-5698-4E99-9729-F039324C074A}
		{547D9D78-9AE6-4E9F-B47F-24D7960AAA65} = {32AE47C5-5698-4E99-9729-F039324C074A}
		{8CA43D50-4310-450A-83D5-96CBA6ECA74A} = {5844D732-B5FB-4E69-8D57-1B8462E378FA}
		{AE379766-0EB8-4850-84B0-ABE5710AB6C1} = {5844D732-B5FB-4E69-8D57-1B8462E378FA}
		{BC9C623C-497F-4E5B-904C-2668AD8AD777} = {5844D732-B5FB-4E69-8D57-1B8462E378FA}
		{0CF99721-1B8D-4AE6-A41B-4E51FAF6733A} = {5844D732-B5FB-4E69-8D57-1B8462E378FA}
		{ABC3A204-53DB-4A7B-BF8F-F8DF1B9F8086} = {6FC1BF2A-8B07-4D02-9A79-71175AE82818}
		{5BDF13F1-1F40-4AE1-BFC5-32712C1D626E} = {6FC1BF2A-8B07-4D02-9A79-71175AE82818}
		{61A472D5-C3A3-41CB-AA8D-8202DDDDE202} = {6FC1BF2A-8B07-4D02-9A79-71175AE82818}
		{D829A955-0953-4633-B7DB-F4B31B4E946C} = {6FC1BF2A-8B07-4D02-9A79-71175AE82818}
		{57BED18E-B3D2-4410-8408-D43E22DE9F5E} = {6FC1BF2A-8B07-4D02-9A79-71175AE82818}
		{92427B46-DD85-49B5-A639-93FD60CF9606} = {6FC1BF2A-8B07-4D02-9A79-71175AE82818}
		{C74B1800-AB6B-4E49-BB2C-27D3313C93CD} = {CA5694DC-E598-4C27-9A64-F698D63F5345}
		{B56F87E6-BB55-49FA-A533-4198B3BF5B8D} = {CA5694DC-E598-4C27-9A64-F698D63F5345}
		{CFC43C4B-6FFE-4AD5-86A2-5FE2E865AA83} = {CA5694DC-E598-4C27-9A64-F698D63F5345}
		{E17543FA-0D5E-4E43-B4AB-2B0C3D07835D} = {CA5694DC-E598-4C27-9A64-F698D63F5345}
		{0C4BFEDE-4EE4-46B9-A760-D9C4E1C546C4} = {CA5694DC-E598-4C27-9A64-F698D63F5345}
		{DF4D704E-93DF-4F98-9588-89AAB0FD914A} = {8EDBE83E-BA49-4F41-9E3C-BB4FB23C540F}
		{C8D8CDDE-B128-41BD-940D-9FBA9A79CD3A} = {28EE3945-CE06-4A74-BE4B-A32D2F8ED011}
		{A71CD636-C02F-43DF-9A68-60A6A2DB53B1} = {C8D8CDDE-B128-41BD-940D-9FBA9A79CD3A}
		{7A655782-796F-42EC-820E-F72CEC0B778D} = {CD3E2793-D26C-4E28-978F-EE0E2E496D31}
		{37D3C227-5C4C-4104-87FF-122AACC2F315} = {CD3E2793-D26C-4E28-978F-EE0E2E496D31}
	EndGlobalSection
	GlobalSection(ExtensibilityGlobals) = postSolution
		SolutionGuid = {F4EE971A-3E35-4369-9642-93E04F606B86}
	EndGlobalSection
EndGlobal
